<?xml version="1.0" encoding="utf-8"?>
<Project ToolsVersion="4.0" xmlns="http://schemas.microsoft.com/developer/msbuild/2003">
  <ItemGroup>
    <Filter Include="src">
      <UniqueIdentifier>{4FC737F1-C7A5-4376-A066-2A32D752A2FF}</UniqueIdentifier>
      <Extensions>cpp;c;cc;cxx;c++;cppm;ixx;def;odl;idl;hpj;bat;asm;asmx</Extensions>
    </Filter>
    <Filter Include="res">
      <UniqueIdentifier>{67DA6AB6-F800-4c08-8B7A-83BB121AAD01}</UniqueIdentifier>
      <Extensions>rc;ico;cur;bmp;dlg;rc2;rct;bin;rgs;gif;jpg;jpeg;jpe;resx;tiff;tif;png;wav;mfcribbon-ms</Extensions>
    </Filter>
    <Filter Include="contrib">
      <UniqueIdentifier>{7c3a9d32-6b13-4e0b-91b8-d80f728056f2}</UniqueIdentifier>
    </Filter>
    <Filter Include="contrib\imgui">
      <UniqueIdentifier>{d72a7525-9890-493b-852c-bdd3f027d11a}</UniqueIdentifier>
    </Filter>
    <Filter Include="src\Denix">
      <UniqueIdentifier>{6dfcb7e5-43f2-4be0-b7f7-6a8abd50b94d}</UniqueIdentifier>
    </Filter>
    <Filter Include="src\Denix\Core">
      <UniqueIdentifier>{8172742a-0ed0-43ae-a7b2-bc344f695488}</UniqueIdentifier>
    </Filter>
    <Filter Include="src\Denix\Scene">
      <UniqueIdentifier>{1810f3ad-af90-443e-8773-9d0ef86652bf}</UniqueIdentifier>
    </Filter>
    <Filter Include="src\Denix\System">
      <UniqueIdentifier>{1ed0b2df-d2e1-49bb-901e-c412285c2823}</UniqueIdentifier>
    </Filter>
    <Filter Include="src\Denix\Video">
      <UniqueIdentifier>{19b1b901-d4b8-43e2-88c2-151a8f1982cd}</UniqueIdentifier>
    </Filter>
    <Filter Include="contrib\imgui\backends">
      <UniqueIdentifier>{f4dd6696-9f6d-4666-982b-f03bd6f81f0b}</UniqueIdentifier>
    </Filter>
    <Filter Include="src\Denix\Video\GL">
      <UniqueIdentifier>{70818da8-1dc0-4e7c-ac1d-59a5ff13a0e8}</UniqueIdentifier>
    </Filter>
    <Filter Include="src\Denix\Scene\Component">
      <UniqueIdentifier>{8e1903dc-2f04-4513-97a5-b6355dba97a1}</UniqueIdentifier>
    </Filter>
    <Filter Include="src\Denix\Editor">
      <UniqueIdentifier>{ad12b213-81cb-493a-9255-dadb34856d18}</UniqueIdentifier>
    </Filter>
    <Filter Include="src\Denix\Input">
      <UniqueIdentifier>{74dc81a7-1811-4c3d-89b7-465ccc97dcce}</UniqueIdentifier>
    </Filter>
    <Filter Include="src\Denix\Scene\Object">
      <UniqueIdentifier>{86044813-3ce7-4e98-8472-ccb03ce85352}</UniqueIdentifier>
    </Filter>
    <Filter Include="src\Denix\Physics">
      <UniqueIdentifier>{ce51b7a4-a380-4120-9bfd-2a9762c1a7dd}</UniqueIdentifier>
    </Filter>
    <Filter Include="src\Denix\Resource">
      <UniqueIdentifier>{59a8e6f2-09f7-4829-9c90-66468835b937}</UniqueIdentifier>
    </Filter>
    <Filter Include="src\Denix\UI">
      <UniqueIdentifier>{ae906bc9-f472-4cc1-8f9d-fc6adee1d556}</UniqueIdentifier>
    </Filter>
    <Filter Include="src\Denix\Video\Window">
      <UniqueIdentifier>{5616f043-9327-4048-a3ee-ee06af5be90f}</UniqueIdentifier>
    </Filter>
    <Filter Include="src\Denix\Video\Renderer">
      <UniqueIdentifier>{5dde9f39-fecd-444c-bbf6-be9eb6315727}</UniqueIdentifier>
    </Filter>
  </ItemGroup>
  <ItemGroup>
    <ClCompile Include="src\Denix\Engine.cpp">
      <Filter>src\Denix</Filter>
    </ClCompile>
    <ClCompile Include="contrib\imgui\imgui_widgets.cpp">
      <Filter>contrib\imgui</Filter>
    </ClCompile>
    <ClCompile Include="contrib\imgui\imgui.cpp">
      <Filter>contrib\imgui</Filter>
    </ClCompile>
    <ClCompile Include="contrib\imgui\imgui_demo.cpp">
      <Filter>contrib\imgui</Filter>
    </ClCompile>
    <ClCompile Include="contrib\imgui\imgui_draw.cpp">
      <Filter>contrib\imgui</Filter>
    </ClCompile>
    <ClCompile Include="contrib\imgui\imgui_tables.cpp">
      <Filter>contrib\imgui</Filter>
    </ClCompile>
    <ClCompile Include="contrib\imgui\backends\imgui_impl_opengl3.cpp">
      <Filter>contrib\imgui\backends</Filter>
    </ClCompile>
    <ClCompile Include="contrib\imgui\backends\imgui_impl_sdl2.cpp">
      <Filter>contrib\imgui\backends</Filter>
    </ClCompile>
    <ClCompile Include="src\depch.cpp">
      <Filter>src\Denix</Filter>
    </ClCompile>
    <ClCompile Include="src\Denix\Core\Logger.cpp">
      <Filter>src\Denix\Core</Filter>
    </ClCompile>
    <ClCompile Include="src\Denix\Video\GL\Shader.cpp">
      <Filter>src\Denix\Video\GL</Filter>
    </ClCompile>
    <ClCompile Include="src\Denix\Editor\EditorSubsystem.cpp">
      <Filter>src\Denix\Editor</Filter>
    </ClCompile>
    <ClCompile Include="src\Denix\Input\InputSubsystem.cpp">
      <Filter>src\Denix\Input</Filter>
    </ClCompile>
    <ClCompile Include="src\Denix\Video\GL\Texture.cpp">
      <Filter>src\Denix\Video\GL</Filter>
    </ClCompile>
    <ClCompile Include="src\Denix\Video\GL\Material.cpp">
      <Filter>src\Denix\Video\GL</Filter>
    </ClCompile>
    <ClCompile Include="src\Denix\Video\GL\Model.cpp">
      <Filter>src\Denix\Video\GL</Filter>
    </ClCompile>
    <ClCompile Include="src\Denix\Core\FileSubsystem.cpp">
      <Filter>src\Denix\Core</Filter>
    </ClCompile>
    <ClCompile Include="src\Denix\Physics\PhysicsSubsystem.cpp">
      <Filter>src\Denix\Physics</Filter>
    </ClCompile>
    <ClCompile Include="src\Denix\UI\UISubsystem.cpp">
      <Filter>src\Denix\UI</Filter>
    </ClCompile>
    <ClCompile Include="src\Denix\Resource\ResourceSubsystem.cpp">
      <Filter>src\Denix\Resource</Filter>
    </ClCompile>
    <ClCompile Include="src\Denix\Scene\SceneSubsystem.cpp">
      <Filter>src\Denix\Scene</Filter>
    </ClCompile>
    <ClCompile Include="src\Denix\Video\GL\Mesh.cpp">
      <Filter>src\Denix\Video\GL</Filter>
    </ClCompile>
    <ClCompile Include="src\Denix\Video\GL\MeshComponent.cpp">
      <Filter>src\Denix\Video\GL</Filter>
    </ClCompile>
    <ClCompile Include="src\Denix\Physics\Collider.cpp">
      <Filter>src\Denix\Physics</Filter>
    </ClCompile>
    <ClCompile Include="src\Denix\Physics\PhysicsComponent.cpp">
      <Filter>src\Denix\Physics</Filter>
    </ClCompile>
    <ClCompile Include="src\Denix\Scene\Component\TransformComponent.cpp">
      <Filter>src\Denix\Scene\Component</Filter>
    </ClCompile>
    <ClCompile Include="src\Denix\Core\TimerSubsystem.cpp">
      <Filter>src\Denix\Core</Filter>
    </ClCompile>
    <ClCompile Include="src\Denix\Physics\CollisionDetection.cpp">
      <Filter>src\Denix\Physics</Filter>
    </ClCompile>
    <ClCompile Include="src\Denix\Scene\Object\Shapes\Shapes.cpp">
      <Filter>src\Denix\Scene\Object</Filter>
    </ClCompile>
    <ClCompile Include="src\Denix\Scene\Camera.cpp">
      <Filter>src\Denix\Scene\Object</Filter>
    </ClCompile>
    <ClCompile Include="src\Denix\Scene\Object\Light\LightObject.cpp">
      <Filter>src\Denix\Scene\Object</Filter>
    </ClCompile>
    <ClCompile Include="src\Denix\Scene\Object.cpp">
      <Filter>src\Denix\Scene</Filter>
    </ClCompile>
    <ClCompile Include="src\Denix\Scene\GameObject.cpp">
      <Filter>src\Denix\Scene</Filter>
    </ClCompile>
    <ClCompile Include="src\Denix\Video\Window\Window.cpp">
      <Filter>src\Denix\Video\Window</Filter>
    </ClCompile>
    <ClCompile Include="src\Denix\Video\Window\WindowSubsystem.cpp">
      <Filter>src\Denix\Video\Window</Filter>
    </ClCompile>
    <ClCompile Include="src\Denix\Video\Renderer\RenderComponent.cpp">
      <Filter>src\Denix\Video\Renderer</Filter>
    </ClCompile>
    <ClCompile Include="src\Denix\Video\Renderer\RendererSubsystem.cpp">
      <Filter>src\Denix\Video\Renderer</Filter>
    </ClCompile>
    <ClCompile Include="src\Denix\Video\GL\Viewport.cpp">
      <Filter>src\Denix\Video\GL</Filter>
    </ClCompile>
    <ClCompile Include="src\Denix\Video\GL\FrameBuffer.cpp">
      <Filter>src\Denix\Video\GL</Filter>
    </ClCompile>
  </ItemGroup>
  <ItemGroup>
    <ClInclude Include="src\Denix.h" />
    <ClInclude Include="src\Denix\Engine.h">
      <Filter>src\Denix</Filter>
    </ClInclude>
    <ClInclude Include="src\Denix\Core.h">
      <Filter>src\Denix</Filter>
    </ClInclude>
    <ClInclude Include="src\Denix\EntryPoint.h">
      <Filter>src\Denix</Filter>
    </ClInclude>
    <ClInclude Include="contrib\imgui\imstb_truetype.h">
      <Filter>contrib\imgui</Filter>
    </ClInclude>
    <ClInclude Include="contrib\imgui\imconfig.h">
      <Filter>contrib\imgui</Filter>
    </ClInclude>
    <ClInclude Include="contrib\imgui\imgui.h">
      <Filter>contrib\imgui</Filter>
    </ClInclude>
    <ClInclude Include="contrib\imgui\imgui_internal.h">
      <Filter>contrib\imgui</Filter>
    </ClInclude>
    <ClInclude Include="contrib\imgui\imstb_rectpack.h">
      <Filter>contrib\imgui</Filter>
    </ClInclude>
    <ClInclude Include="contrib\imgui\imstb_textedit.h">
      <Filter>contrib\imgui</Filter>
    </ClInclude>
    <ClInclude Include="src\depch.h">
      <Filter>src\Denix</Filter>
    </ClInclude>
    <ClInclude Include="contrib\imgui\backends\imgui_impl_sdl2.h">
      <Filter>contrib\imgui\backends</Filter>
    </ClInclude>
    <ClInclude Include="contrib\imgui\backends\imgui_impl_opengl3.h">
      <Filter>contrib\imgui\backends</Filter>
    </ClInclude>
    <ClInclude Include="src\Denix\System\Subsystem.h">
      <Filter>src\Denix\System</Filter>
    </ClInclude>
    <ClInclude Include="src\Denix\Core\Logger.h">
      <Filter>src\Denix\Core</Filter>
    </ClInclude>
    <ClInclude Include="src\Denix\Scene\Scene.h">
      <Filter>src\Denix\Scene</Filter>
    </ClInclude>
    <ClInclude Include="src\Denix\Video\GL\VertexBuffer.h">
      <Filter>src\Denix\Video\GL</Filter>
    </ClInclude>
    <ClInclude Include="src\Denix\Video\GL\VertexArray.h">
      <Filter>src\Denix\Video\GL</Filter>
    </ClInclude>
    <ClInclude Include="src\Denix\Editor\EditorSubsystem.h">
      <Filter>src\Denix\Editor</Filter>
    </ClInclude>
    <ClInclude Include="src\Denix\Input\InputSubsystem.h">
      <Filter>src\Denix\Input</Filter>
    </ClInclude>
    <ClInclude Include="src\Denix\Video\GL\Shader.h">
      <Filter>src\Denix\Video\GL</Filter>
    </ClInclude>
    <ClInclude Include="src\Denix\Video\GL\Model.h">
      <Filter>src\Denix\Video\GL</Filter>
    </ClInclude>
    <ClInclude Include="src\Denix\Video\GL\Material.h">
      <Filter>src\Denix\Video\GL</Filter>
    </ClInclude>
    <ClInclude Include="src\Denix\Video\GL\Texture.h">
      <Filter>src\Denix\Video\GL</Filter>
    </ClInclude>
    <ClInclude Include="src\Denix\Core\FileSubsystem.h">
      <Filter>src\Denix\Core</Filter>
    </ClInclude>
    <ClInclude Include="src\Denix\Physics\PhysicsSubsystem.h">
      <Filter>src\Denix\Physics</Filter>
    </ClInclude>
    <ClInclude Include="src\Denix\UI\UISubsystem.h">
      <Filter>src\Denix\UI</Filter>
    </ClInclude>
    <ClInclude Include="src\Denix\Resource\ResourceSubsystem.h">
      <Filter>src\Denix\Resource</Filter>
    </ClInclude>
    <ClInclude Include="src\Denix\Scene\SceneSubsystem.h">
      <Filter>src\Denix\Scene</Filter>
    </ClInclude>
    <ClInclude Include="src\Denix\Video\GL\Mesh.h">
      <Filter>src\Denix\Video\GL</Filter>
    </ClInclude>
    <ClInclude Include="src\Denix\Video\GL\MeshComponent.h">
      <Filter>src\Denix\Video\GL</Filter>
    </ClInclude>
    <ClInclude Include="src\Denix\Physics\Collider.h">
      <Filter>src\Denix\Physics</Filter>
    </ClInclude>
    <ClInclude Include="src\Denix\Physics\PhysicsComponent.h">
      <Filter>src\Denix\Physics</Filter>
    </ClInclude>
    <ClInclude Include="src\Denix\Scene\Component\TransformComponent.h">
      <Filter>src\Denix\Scene\Component</Filter>
    </ClInclude>
    <ClInclude Include="src\Denix\Scene\GameObjectData.h">
      <Filter>src\Denix\Scene\Object</Filter>
    </ClInclude>
    <ClInclude Include="src\Denix\Scene\MeshData.h">
      <Filter>src\Denix\Scene\Object</Filter>
    </ClInclude>
    <ClInclude Include="src\Denix\Core\TimerSubsystem.h">
      <Filter>src\Denix\Core</Filter>
    </ClInclude>
    <ClInclude Include="src\Denix\Physics\CollisionDetection.h">
      <Filter>src\Denix\Physics</Filter>
    </ClInclude>
    <ClInclude Include="src\Denix\Scene\Object\Shapes\Shapes.h">
      <Filter>src\Denix\Scene\Object</Filter>
    </ClInclude>
    <ClInclude Include="src\Denix\Scene\Object\Light\LightObject.h">
      <Filter>src\Denix\Scene\Object</Filter>
    </ClInclude>
    <ClInclude Include="src\Denix\Scene\Camera.h">
      <Filter>src\Denix\Scene\Object</Filter>
    </ClInclude>
    <ClInclude Include="src\Denix\Scene\Object.h">
      <Filter>src\Denix\Scene</Filter>
    </ClInclude>
    <ClInclude Include="src\Denix\Scene\GameObject.h">
      <Filter>src\Denix\Scene</Filter>
    </ClInclude>
    <ClInclude Include="src\Denix\Scene\Component.h">
      <Filter>src\Denix\Scene</Filter>
    </ClInclude>
    <ClInclude Include="src\Denix\Core\Math.h">
      <Filter>src\Denix\Core</Filter>
    </ClInclude>
    <ClInclude Include="src\Denix\Video\Window\WindowSubsystem.h">
      <Filter>src\Denix\Video\Window</Filter>
    </ClInclude>
    <ClInclude Include="src\Denix\Video\Window\Window.h">
      <Filter>src\Denix\Video\Window</Filter>
    </ClInclude>
    <ClInclude Include="src\Denix\Video\Renderer\RenderComponent.h">
      <Filter>src\Denix\Video\Renderer</Filter>
    </ClInclude>
    <ClInclude Include="src\Denix\Video\Renderer\RendererSubsystem.h">
      <Filter>src\Denix\Video\Renderer</Filter>
    </ClInclude>
    <ClInclude Include="src\Denix\Video\GL\FrameBuffer.h">
      <Filter>src\Denix\Video\GL</Filter>
    </ClInclude>
    <ClInclude Include="src\Denix\Video\GL\Viewport.h">
      <Filter>src\Denix\Video\GL</Filter>
    </ClInclude>
  </ItemGroup>
</Project>