<?xml version="1.0" encoding="utf-8"?>
<Project ToolsVersion="4.0" xmlns="http://schemas.microsoft.com/developer/msbuild/2003">
  <ItemGroup>
    <Filter Include="src">
      <UniqueIdentifier>{4FC737F1-C7A5-4376-A066-2A32D752A2FF}</UniqueIdentifier>
      <Extensions>cpp;c;cc;cxx;c++;cppm;ixx;def;odl;idl;hpj;bat;asm;asmx</Extensions>
    </Filter>
    <Filter Include="res">
      <UniqueIdentifier>{67DA6AB6-F800-4c08-8B7A-83BB121AAD01}</UniqueIdentifier>
      <Extensions>rc;ico;cur;bmp;dlg;rc2;rct;bin;rgs;gif;jpg;jpeg;jpe;resx;tiff;tif;png;wav;mfcribbon-ms</Extensions>
    </Filter>
    <Filter Include="contrib">
      <UniqueIdentifier>{7c3a9d32-6b13-4e0b-91b8-d80f728056f2}</UniqueIdentifier>
    </Filter>
    <Filter Include="contrib\imgui">
      <UniqueIdentifier>{d72a7525-9890-493b-852c-bdd3f027d11a}</UniqueIdentifier>
    </Filter>
    <Filter Include="src\Video">
      <UniqueIdentifier>{19b1b901-d4b8-43e2-88c2-151a8f1982cd}</UniqueIdentifier>
    </Filter>
    <Filter Include="src\Video\GL">
      <UniqueIdentifier>{ebf94400-6011-430a-a689-83db897bf1d5}</UniqueIdentifier>
    </Filter>
    <Filter Include="src\Scene">
      <UniqueIdentifier>{1810f3ad-af90-443e-8773-9d0ef86652bf}</UniqueIdentifier>
    </Filter>
    <Filter Include="src\System">
      <UniqueIdentifier>{1ed0b2df-d2e1-49bb-901e-c412285c2823}</UniqueIdentifier>
    </Filter>
    <Filter Include="src\Core">
      <UniqueIdentifier>{8172742a-0ed0-43ae-a7b2-bc344f695488}</UniqueIdentifier>
    </Filter>
  </ItemGroup>
  <ItemGroup>
    <ClCompile Include="src\Main.cpp">
      <Filter>src</Filter>
    </ClCompile>
    <ClCompile Include="src\Engine.cpp">
      <Filter>src</Filter>
    </ClCompile>
    <ClCompile Include="src\DePch.cpp">
      <Filter>src</Filter>
    </ClCompile>
    <ClCompile Include="contrib\imgui\imgui_widgets.cpp">
      <Filter>contrib\imgui</Filter>
    </ClCompile>
    <ClCompile Include="contrib\imgui\imgui.cpp">
      <Filter>contrib\imgui</Filter>
    </ClCompile>
    <ClCompile Include="contrib\imgui\imgui_demo.cpp">
      <Filter>contrib\imgui</Filter>
    </ClCompile>
    <ClCompile Include="contrib\imgui\imgui_draw.cpp">
      <Filter>contrib\imgui</Filter>
    </ClCompile>
    <ClCompile Include="contrib\imgui\backends\imgui_impl_opengl3.cpp">
      <Filter>contrib\imgui</Filter>
    </ClCompile>
    <ClCompile Include="contrib\imgui\backends\imgui_impl_sdl2.cpp">
      <Filter>contrib\imgui</Filter>
    </ClCompile>
    <ClCompile Include="contrib\imgui\imgui_tables.cpp">
      <Filter>contrib\imgui</Filter>
    </ClCompile>
    <ClCompile Include="src\Video\GL\GLObject.cpp">
      <Filter>src\Video\GL</Filter>
    </ClCompile>
    <ClCompile Include="src\Video\GL\GLShader.cpp">
      <Filter>src\Video\GL</Filter>
    </ClCompile>
    <ClCompile Include="src\Video\GL\VertexBuffer.cpp">
      <Filter>src\Video\GL</Filter>
    </ClCompile>
    <ClCompile Include="src\Video\GL\VertexArray.cpp">
      <Filter>src\Video\GL</Filter>
    </ClCompile>
    <ClCompile Include="src\Video\Window.cpp">
      <Filter>src\Video</Filter>
    </ClCompile>
    <ClCompile Include="src\Scene\Scene.cpp">
      <Filter>src\Scene</Filter>
    </ClCompile>
    <ClCompile Include="src\Core.cpp">
      <Filter>src</Filter>
    </ClCompile>
    <ClCompile Include="src\Scene\ExampleScenes.cpp">
      <Filter>src\Scene</Filter>
    </ClCompile>
    <ClCompile Include="src\System\SubSystem.cpp">
      <Filter>src\System</Filter>
    </ClCompile>
    <ClCompile Include="src\Core\File.cpp">
      <Filter>src\Core</Filter>
    </ClCompile>
    <ClCompile Include="src\Core\Logger.cpp">
      <Filter>src\Core</Filter>
    </ClCompile>
    <ClCompile Include="src\System\SceneSubsystem.cpp">
      <Filter>src\System</Filter>
    </ClCompile>
    <ClCompile Include="src\System\WindowSubSystem.cpp">
      <Filter>src\System</Filter>
    </ClCompile>
    <ClCompile Include="src\System\UISubSystem.cpp">
      <Filter>src\System</Filter>
    </ClCompile>
    <ClCompile Include="src\Scene\Camera.cpp">
      <Filter>src\Scene</Filter>
    </ClCompile>
    <ClCompile Include="src\Scene\Component.cpp">
      <Filter>src\Scene</Filter>
    </ClCompile>
    <ClCompile Include="src\Scene\GameObject.cpp">
      <Filter>src\Scene</Filter>
    </ClCompile>
    <ClCompile Include="src\Scene\Object.cpp">
      <Filter>src\Scene</Filter>
    </ClCompile>
    <ClCompile Include="src\System\ShaderSubSystem.cpp">
      <Filter>src\System</Filter>
    </ClCompile>
    <ClCompile Include="Project.cpp">
      <Filter>src</Filter>
    </ClCompile>
    <ClCompile Include="src\System\PhysicsSubSystem.cpp">
      <Filter>src\System</Filter>
    </ClCompile>
    <ClCompile Include="src\System\RendererSubSystem.cpp">
      <Filter>src\System</Filter>
    </ClCompile>
  </ItemGroup>
  <ItemGroup>
    <ClInclude Include="src\DePch.h">
      <Filter>src</Filter>
    </ClInclude>
    <ClInclude Include="src\Engine.h">
      <Filter>src</Filter>
    </ClInclude>
    <ClInclude Include="contrib\imgui\imgui.h">
      <Filter>contrib\imgui</Filter>
    </ClInclude>
    <ClInclude Include="contrib\imgui\backends\imgui_impl_opengl3.h">
      <Filter>contrib\imgui</Filter>
    </ClInclude>
    <ClInclude Include="contrib\imgui\backends\imgui_impl_opengl3_loader.h">
      <Filter>contrib\imgui</Filter>
    </ClInclude>
    <ClInclude Include="contrib\imgui\backends\imgui_impl_sdl2.h">
      <Filter>contrib\imgui</Filter>
    </ClInclude>
    <ClInclude Include="contrib\imgui\imstb_textedit.h">
      <Filter>contrib\imgui</Filter>
    </ClInclude>
    <ClInclude Include="contrib\imgui\imgui_internal.h">
      <Filter>contrib\imgui</Filter>
    </ClInclude>
    <ClInclude Include="contrib\imgui\imstb_rectpack.h">
      <Filter>contrib\imgui</Filter>
    </ClInclude>
    <ClInclude Include="contrib\imgui\imstb_truetype.h">
      <Filter>contrib\imgui</Filter>
    </ClInclude>
    <ClInclude Include="src\Video\GL\GLObject.h">
      <Filter>src\Video\GL</Filter>
    </ClInclude>
    <ClInclude Include="src\Video\GL\GLShader.h">
      <Filter>src\Video\GL</Filter>
    </ClInclude>
    <ClInclude Include="src\Video\GL\VertexBuffer.h">
      <Filter>src\Video\GL</Filter>
    </ClInclude>
    <ClInclude Include="src\Video\GL\VertexArray.h">
      <Filter>src\Video\GL</Filter>
    </ClInclude>
    <ClInclude Include="src\Video\Window.h">
      <Filter>src\Video</Filter>
    </ClInclude>
    <ClInclude Include="src\Scene\Scene.h">
      <Filter>src\Scene</Filter>
    </ClInclude>
    <ClInclude Include="src\Core.h">
      <Filter>src</Filter>
    </ClInclude>
    <ClInclude Include="src\Scene\ExampleScenes.h">
      <Filter>src\Scene</Filter>
    </ClInclude>
    <ClInclude Include="src\System\SubSystem.h">
      <Filter>src\System</Filter>
    </ClInclude>
    <ClInclude Include="src\Core\File.h">
      <Filter>src\Core</Filter>
    </ClInclude>
    <ClInclude Include="src\Core\Logger.h">
      <Filter>src\Core</Filter>
    </ClInclude>
    <ClInclude Include="src\System\SceneSubsystem.h">
      <Filter>src\System</Filter>
    </ClInclude>
    <ClInclude Include="src\System\WindowSubSystem.h">
      <Filter>src\System</Filter>
    </ClInclude>
    <ClInclude Include="src\System\UISubSystem.h">
      <Filter>src\System</Filter>
    </ClInclude>
    <ClInclude Include="src\Scene\Camera.h">
      <Filter>src\Scene</Filter>
    </ClInclude>
    <ClInclude Include="src\Scene\Component.h">
      <Filter>src\Scene</Filter>
    </ClInclude>
    <ClInclude Include="src\Scene\GameObject.h">
      <Filter>src\Scene</Filter>
    </ClInclude>
    <ClInclude Include="src\Scene\Object.h">
      <Filter>src\Scene</Filter>
    </ClInclude>
    <ClInclude Include="src\System\ShaderSubSystem.h">
      <Filter>src\System</Filter>
    </ClInclude>
    <ClInclude Include="Project.h">
      <Filter>src</Filter>
    </ClInclude>
    <ClInclude Include="src\System\PhysicsSubSystem.h">
      <Filter>src\System</Filter>
    </ClInclude>
    <ClInclude Include="src\System\RendererSubSystem.h">
      <Filter>src\System</Filter>
    </ClInclude>
  </ItemGroup>
</Project>