<?xml version="1.0" encoding="utf-8"?>
<Project ToolsVersion="4.0" xmlns="http://schemas.microsoft.com/developer/msbuild/2003">
  <ItemGroup>
    <Filter Include="src">
      <UniqueIdentifier>{4FC737F1-C7A5-4376-A066-2A32D752A2FF}</UniqueIdentifier>
      <Extensions>cpp;c;cc;cxx;c++;cppm;ixx;def;odl;idl;hpj;bat;asm;asmx</Extensions>
    </Filter>
    <Filter Include="res">
      <UniqueIdentifier>{67DA6AB6-F800-4c08-8B7A-83BB121AAD01}</UniqueIdentifier>
      <Extensions>rc;ico;cur;bmp;dlg;rc2;rct;bin;rgs;gif;jpg;jpeg;jpe;resx;tiff;tif;png;wav;mfcribbon-ms</Extensions>
    </Filter>
    <Filter Include="contrib">
      <UniqueIdentifier>{7c3a9d32-6b13-4e0b-91b8-d80f728056f2}</UniqueIdentifier>
    </Filter>
    <Filter Include="contrib\imgui">
      <UniqueIdentifier>{d72a7525-9890-493b-852c-bdd3f027d11a}</UniqueIdentifier>
    </Filter>
    <Filter Include="src\Video">
      <UniqueIdentifier>{19b1b901-d4b8-43e2-88c2-151a8f1982cd}</UniqueIdentifier>
    </Filter>
    <Filter Include="src\Video\GL">
      <UniqueIdentifier>{ebf94400-6011-430a-a689-83db897bf1d5}</UniqueIdentifier>
    </Filter>
    <Filter Include="src\Scene">
      <UniqueIdentifier>{1810f3ad-af90-443e-8773-9d0ef86652bf}</UniqueIdentifier>
    </Filter>
  </ItemGroup>
  <ItemGroup>
    <ClCompile Include="src\Main.cpp">
      <Filter>src</Filter>
    </ClCompile>
    <ClCompile Include="src\Engine.cpp">
      <Filter>src</Filter>
    </ClCompile>
    <ClCompile Include="src\DePch.cpp">
      <Filter>src</Filter>
    </ClCompile>
    <ClCompile Include="src\DeLog.cpp">
      <Filter>src</Filter>
    </ClCompile>
    <ClCompile Include="src\File.cpp">
      <Filter>src</Filter>
    </ClCompile>
    <ClCompile Include="contrib\imgui\imgui_widgets.cpp">
      <Filter>contrib\imgui</Filter>
    </ClCompile>
    <ClCompile Include="contrib\imgui\imgui.cpp">
      <Filter>contrib\imgui</Filter>
    </ClCompile>
    <ClCompile Include="contrib\imgui\imgui_demo.cpp">
      <Filter>contrib\imgui</Filter>
    </ClCompile>
    <ClCompile Include="contrib\imgui\imgui_draw.cpp">
      <Filter>contrib\imgui</Filter>
    </ClCompile>
    <ClCompile Include="contrib\imgui\backends\imgui_impl_opengl3.cpp">
      <Filter>contrib\imgui</Filter>
    </ClCompile>
    <ClCompile Include="contrib\imgui\backends\imgui_impl_sdl2.cpp">
      <Filter>contrib\imgui</Filter>
    </ClCompile>
    <ClCompile Include="contrib\imgui\imgui_tables.cpp">
      <Filter>contrib\imgui</Filter>
    </ClCompile>
    <ClCompile Include="src\Video\GL\GLObject.cpp">
      <Filter>src\Video\GL</Filter>
    </ClCompile>
    <ClCompile Include="src\Video\GL\Shader.cpp">
      <Filter>src\Video\GL</Filter>
    </ClCompile>
    <ClCompile Include="src\Video\GL\VertexBuffer.cpp">
      <Filter>src\Video\GL</Filter>
    </ClCompile>
    <ClCompile Include="src\Video\GL\VertexArray.cpp">
      <Filter>src\Video\GL</Filter>
    </ClCompile>
    <ClCompile Include="src\Video\Window.cpp">
      <Filter>src\Video</Filter>
    </ClCompile>
    <ClCompile Include="src\Scene\Scene.cpp">
      <Filter>src\Scene</Filter>
    </ClCompile>
  </ItemGroup>
  <ItemGroup>
    <ClInclude Include="src\DePch.h">
      <Filter>src</Filter>
    </ClInclude>
    <ClInclude Include="src\Engine.h">
      <Filter>src</Filter>
    </ClInclude>
    <ClInclude Include="src\File.h">
      <Filter>src</Filter>
    </ClInclude>
    <ClInclude Include="src\DeLog.h">
      <Filter>src</Filter>
    </ClInclude>
    <ClInclude Include="contrib\imgui\imgui.h">
      <Filter>contrib\imgui</Filter>
    </ClInclude>
    <ClInclude Include="contrib\imgui\backends\imgui_impl_opengl3.h">
      <Filter>contrib\imgui</Filter>
    </ClInclude>
    <ClInclude Include="contrib\imgui\backends\imgui_impl_opengl3_loader.h">
      <Filter>contrib\imgui</Filter>
    </ClInclude>
    <ClInclude Include="contrib\imgui\backends\imgui_impl_sdl2.h">
      <Filter>contrib\imgui</Filter>
    </ClInclude>
    <ClInclude Include="contrib\imgui\imstb_textedit.h">
      <Filter>contrib\imgui</Filter>
    </ClInclude>
    <ClInclude Include="contrib\imgui\imgui_internal.h">
      <Filter>contrib\imgui</Filter>
    </ClInclude>
    <ClInclude Include="contrib\imgui\imstb_rectpack.h">
      <Filter>contrib\imgui</Filter>
    </ClInclude>
    <ClInclude Include="contrib\imgui\imstb_truetype.h">
      <Filter>contrib\imgui</Filter>
    </ClInclude>
    <ClInclude Include="src\Video\GL\GLObject.h">
      <Filter>src\Video\GL</Filter>
    </ClInclude>
    <ClInclude Include="src\Video\GL\Shader.h">
      <Filter>src\Video\GL</Filter>
    </ClInclude>
    <ClInclude Include="src\Video\GL\VertexBuffer.h">
      <Filter>src\Video\GL</Filter>
    </ClInclude>
    <ClInclude Include="src\Video\GL\VertexArray.h">
      <Filter>src\Video\GL</Filter>
    </ClInclude>
    <ClInclude Include="src\Video\Window.h">
      <Filter>src\Video</Filter>
    </ClInclude>
    <ClInclude Include="src\Scene\Scene.h">
      <Filter>src\Scene</Filter>
    </ClInclude>
  </ItemGroup>
  <ItemGroup>
    <None Include="res\shaders\Vert.glsl">
      <Filter>res</Filter>
    </None>
    <None Include="res\shaders\Frag.glsl">
      <Filter>res</Filter>
    </None>
    <None Include="res\shaders\UniVert.glsl">
      <Filter>res</Filter>
    </None>
    <None Include="res\shaders\UniFrag.glsl">
      <Filter>res</Filter>
    </None>
  </ItemGroup>
</Project>